
Microsoft Visual Studio Solution File, Format Version 12.00
# Visual Studio Version 17
VisualStudioVersion = 17.11.35222.181
MinimumVisualStudioVersion = 10.0.40219.1
Project("{FAE04EC0-301F-11D3-BF4B-00C04F79EFBC}") = "SkillsInternationalSchoolApp", "SkillsInternationalSchoolApp\SkillsInternationalSchoolApp.csproj", "{9A0094C4-4F74-4C02-8780-2E0D48708E9B}"
EndProject
Global
	GlobalSection(SolutionConfigurationPlatforms) = preSolution
		Debug|Any CPU = Debug|Any CPU
		Release|Any CPU = Release|Any CPU
	EndGlobalSection
	GlobalSection(ProjectConfigurationPlatforms) = postSolution
		{9A0094C4-4F74-4C02-8780-2E0D48708E9B}.Debug|Any CPU.ActiveCfg = Debug|Any CPU
		{9A0094C4-4F74-4C02-8780-2E0D48708E9B}.Debug|Any CPU.Build.0 = Debug|Any CPU
		{9A0094C4-4F74-4C02-8780-2E0D48708E9B}.Release|Any CPU.ActiveCfg = Release|Any CPU
		{9A0094C4-4F74-4C02-8780-2E0D48708E9B}.Release|Any CPU.Build.0 = Release|Any CPU
	EndGlobalSection
	GlobalSection(SolutionProperties) = preSolution
		HideSolutionNode = FALSE
	EndGlobalSection
	GlobalSection(ExtensibilityGlobals) = postSolution
		SolutionGuid = {9E5C06BE-07A8-4466-97B1-E6CD9FB329FD}
	EndGlobalSection
EndGlobal
